
Microsoft Visual Studio Solution File, Format Version 12.00
# Visual Studio Version 16
VisualStudioVersion = 16.0.30114.105
MinimumVisualStudioVersion = 10.0.40219.1
Project("{8BC9CEB8-8B4A-11D0-8D11-00A0C91BC942}") = "ExplicitDLLTest1", "ExplicitDLLTest1.vcxproj", "{B6EDF5DD-35A6-432F-8962-9F48BB659D5E}"
EndProject
Global
	GlobalSection(SolutionConfigurationPlatforms) = preSolution
		Debug|x64 = Debug|x64
		Debug|x86 = Debug|x86
		Release|x64 = Release|x64
		Release|x86 = Release|x86
	EndGlobalSection
	GlobalSection(ProjectConfigurationPlatforms) = postSolution
		{B6EDF5DD-35A6-432F-8962-9F48BB659D5E}.Debug|x64.ActiveCfg = Debug|x64
		{B6EDF5DD-35A6-432F-8962-9F48BB659D5E}.Debug|x64.Build.0 = Debug|x64
		{B6EDF5DD-35A6-432F-8962-9F48BB659D5E}.Debug|x86.ActiveCfg = Debug|Win32
		{B6EDF5DD-35A6-432F-8962-9F48BB659D5E}.Debug|x86.Build.0 = Debug|Win32
		{B6EDF5DD-35A6-432F-8962-9F48BB659D5E}.Release|x64.ActiveCfg = Release|x64
		{B6EDF5DD-35A6-432F-8962-9F48BB659D5E}.Release|x64.Build.0 = Release|x64
		{B6EDF5DD-35A6-432F-8962-9F48BB659D5E}.Release|x86.ActiveCfg = Release|Win32
		{B6EDF5DD-35A6-432F-8962-9F48BB659D5E}.Release|x86.Build.0 = Release|Win32
	EndGlobalSection
	GlobalSection(SolutionProperties) = preSolution
		HideSolutionNode = FALSE
	EndGlobalSection
	GlobalSection(ExtensibilityGlobals) = postSolution
		SolutionGuid = {34E4F85E-E334-4167-BDBF-AD9A375A3B7D}
	EndGlobalSection
EndGlobal
